
Microsoft Visual Studio Solution File, Format Version 12.00
# Visual Studio 15
VisualStudioVersion = 15.0.28307.1525
MinimumVisualStudioVersion = 10.0.40219.1
Project("{FAE04EC0-301F-11D3-BF4B-00C04F79EFBC}") = "PokemonGame", "PokemonGame\PokemonGame.csproj", "{CFB32DB9-32C7-4108-B0D2-353BA57B64FB}"
EndProject
Project("{FAE04EC0-301F-11D3-BF4B-00C04F79EFBC}") = "PokemonLibrary", "PokemonLibrary\PokemonLibrary.csproj", "{0BF2D994-EE10-423B-B4F4-A7E6CE893C30}"
EndProject
Global
	GlobalSection(SolutionConfigurationPlatforms) = preSolution
		Debug|Any CPU = Debug|Any CPU
		Release|Any CPU = Release|Any CPU
	EndGlobalSection
	GlobalSection(ProjectConfigurationPlatforms) = postSolution
		{CFB32DB9-32C7-4108-B0D2-353BA57B64FB}.Debug|Any CPU.ActiveCfg = Debug|Any CPU
		{CFB32DB9-32C7-4108-B0D2-353BA57B64FB}.Debug|Any CPU.Build.0 = Debug|Any CPU
		{CFB32DB9-32C7-4108-B0D2-353BA57B64FB}.Release|Any CPU.ActiveCfg = Release|Any CPU
		{CFB32DB9-32C7-4108-B0D2-353BA57B64FB}.Release|Any CPU.Build.0 = Release|Any CPU
		{0BF2D994-EE10-423B-B4F4-A7E6CE893C30}.Debug|Any CPU.ActiveCfg = Debug|Any CPU
		{0BF2D994-EE10-423B-B4F4-A7E6CE893C30}.Debug|Any CPU.Build.0 = Debug|Any CPU
		{0BF2D994-EE10-423B-B4F4-A7E6CE893C30}.Release|Any CPU.ActiveCfg = Release|Any CPU
		{0BF2D994-EE10-423B-B4F4-A7E6CE893C30}.Release|Any CPU.Build.0 = Release|Any CPU
	EndGlobalSection
	GlobalSection(SolutionProperties) = preSolution
		HideSolutionNode = FALSE
	EndGlobalSection
	GlobalSection(ExtensibilityGlobals) = postSolution
		SolutionGuid = {DD11B391-7175-49B5-B1BB-5E614C863C6B}
	EndGlobalSection
EndGlobal
